// !$*UTF8*$!
{
	archiveVersion = 1;
	classes = {
	};
	objectVersion = 55;
	objects = {

/* Begin PBXBuildFile section */
		2187400C2862FBAD005B2DF5 /* DIN.xcdatamodeld in Sources */ = {isa = PBXBuildFile; fileRef = 21873FF92862FBAC005B2DF5 /* DIN.xcdatamodeld */; };
		2187400D2862FBAD005B2DF5 /* DIN.xcdatamodeld in Sources */ = {isa = PBXBuildFile; fileRef = 21873FF92862FBAC005B2DF5 /* DIN.xcdatamodeld */; };
		2187400E2862FBAD005B2DF5 /* DINApp.swift in Sources */ = {isa = PBXBuildFile; fileRef = 21873FFB2862FBAC005B2DF5 /* DINApp.swift */; };
		2187400F2862FBAD005B2DF5 /* DINApp.swift in Sources */ = {isa = PBXBuildFile; fileRef = 21873FFB2862FBAC005B2DF5 /* DINApp.swift */; };
		218740102862FBAD005B2DF5 /* ContentView.swift in Sources */ = {isa = PBXBuildFile; fileRef = 21873FFC2862FBAC005B2DF5 /* ContentView.swift */; };
		218740112862FBAD005B2DF5 /* ContentView.swift in Sources */ = {isa = PBXBuildFile; fileRef = 21873FFC2862FBAC005B2DF5 /* ContentView.swift */; };
		218740122862FBAD005B2DF5 /* Persistence.swift in Sources */ = {isa = PBXBuildFile; fileRef = 21873FFD2862FBAC005B2DF5 /* Persistence.swift */; };
		218740132862FBAD005B2DF5 /* Persistence.swift in Sources */ = {isa = PBXBuildFile; fileRef = 21873FFD2862FBAC005B2DF5 /* Persistence.swift */; };
		218740142862FBAD005B2DF5 /* Assets.xcassets in Resources */ = {isa = PBXBuildFile; fileRef = 21873FFE2862FBAD005B2DF5 /* Assets.xcassets */; };
		218740152862FBAD005B2DF5 /* Assets.xcassets in Resources */ = {isa = PBXBuildFile; fileRef = 21873FFE2862FBAD005B2DF5 /* Assets.xcassets */; };
		2187402228630A31005B2DF5 /* HomeScreen.swift in Sources */ = {isa = PBXBuildFile; fileRef = 2187402128630A31005B2DF5 /* HomeScreen.swift */; };
		2187402328630A31005B2DF5 /* HomeScreen.swift in Sources */ = {isa = PBXBuildFile; fileRef = 2187402128630A31005B2DF5 /* HomeScreen.swift */; };
		21874028286311AA005B2DF5 /* GroupCardView.swift in Sources */ = {isa = PBXBuildFile; fileRef = 21874027286311AA005B2DF5 /* GroupCardView.swift */; };
		21874029286311AA005B2DF5 /* GroupCardView.swift in Sources */ = {isa = PBXBuildFile; fileRef = 21874027286311AA005B2DF5 /* GroupCardView.swift */; };
		2187402B28633DA7005B2DF5 /* ListItemView.swift in Sources */ = {isa = PBXBuildFile; fileRef = 2187402A28633DA7005B2DF5 /* ListItemView.swift */; };
		2187402C28633DA7005B2DF5 /* ListItemView.swift in Sources */ = {isa = PBXBuildFile; fileRef = 2187402A28633DA7005B2DF5 /* ListItemView.swift */; };
		2187402E28634004005B2DF5 /* CheckboxView.swift in Sources */ = {isa = PBXBuildFile; fileRef = 2187402D28634004005B2DF5 /* CheckboxView.swift */; };
		2187402F28634004005B2DF5 /* CheckboxView.swift in Sources */ = {isa = PBXBuildFile; fileRef = 2187402D28634004005B2DF5 /* CheckboxView.swift */; };
		21874031286356DE005B2DF5 /* SectionTitleView.swift in Sources */ = {isa = PBXBuildFile; fileRef = 21874030286356DE005B2DF5 /* SectionTitleView.swift */; };
		21874032286356DE005B2DF5 /* SectionTitleView.swift in Sources */ = {isa = PBXBuildFile; fileRef = 21874030286356DE005B2DF5 /* SectionTitleView.swift */; };
		2187403428635962005B2DF5 /* AddGroupScreen.swift in Sources */ = {isa = PBXBuildFile; fileRef = 2187403328635962005B2DF5 /* AddGroupScreen.swift */; };
		2187403528635962005B2DF5 /* AddGroupScreen.swift in Sources */ = {isa = PBXBuildFile; fileRef = 2187403328635962005B2DF5 /* AddGroupScreen.swift */; };
		218740372863597E005B2DF5 /* AddTodoScreen.swift in Sources */ = {isa = PBXBuildFile; fileRef = 218740362863597E005B2DF5 /* AddTodoScreen.swift */; };
		218740382863597E005B2DF5 /* AddTodoScreen.swift in Sources */ = {isa = PBXBuildFile; fileRef = 218740362863597E005B2DF5 /* AddTodoScreen.swift */; };
		2187403A28644745005B2DF5 /* GroupIconView.swift in Sources */ = {isa = PBXBuildFile; fileRef = 2187403928644745005B2DF5 /* GroupIconView.swift */; };
		2187403B28644745005B2DF5 /* GroupIconView.swift in Sources */ = {isa = PBXBuildFile; fileRef = 2187403928644745005B2DF5 /* GroupIconView.swift */; };
/* End PBXBuildFile section */

/* Begin PBXFileReference section */
		21873FFA2862FBAC005B2DF5 /* Shared.xcdatamodel */ = {isa = PBXFileReference; lastKnownFileType = wrapper.xcdatamodel; path = Shared.xcdatamodel; sourceTree = "<group>"; };
		21873FFB2862FBAC005B2DF5 /* DINApp.swift */ = {isa = PBXFileReference; lastKnownFileType = sourcecode.swift; path = DINApp.swift; sourceTree = "<group>"; };
		21873FFC2862FBAC005B2DF5 /* ContentView.swift */ = {isa = PBXFileReference; lastKnownFileType = sourcecode.swift; path = ContentView.swift; sourceTree = "<group>"; };
		21873FFD2862FBAC005B2DF5 /* Persistence.swift */ = {isa = PBXFileReference; lastKnownFileType = sourcecode.swift; path = Persistence.swift; sourceTree = "<group>"; };
		21873FFE2862FBAD005B2DF5 /* Assets.xcassets */ = {isa = PBXFileReference; lastKnownFileType = folder.assetcatalog; path = Assets.xcassets; sourceTree = "<group>"; };
		218740032862FBAD005B2DF5 /* DIN.app */ = {isa = PBXFileReference; explicitFileType = wrapper.application; includeInIndex = 0; path = DIN.app; sourceTree = BUILT_PRODUCTS_DIR; };
		218740092862FBAD005B2DF5 /* DIN.app */ = {isa = PBXFileReference; explicitFileType = wrapper.application; includeInIndex = 0; path = DIN.app; sourceTree = BUILT_PRODUCTS_DIR; };
		2187400B2862FBAD005B2DF5 /* macOS.entitlements */ = {isa = PBXFileReference; lastKnownFileType = text.plist.entitlements; path = macOS.entitlements; sourceTree = "<group>"; };
		2187402128630A31005B2DF5 /* HomeScreen.swift */ = {isa = PBXFileReference; lastKnownFileType = sourcecode.swift; path = HomeScreen.swift; sourceTree = "<group>"; };
		21874027286311AA005B2DF5 /* GroupCardView.swift */ = {isa = PBXFileReference; lastKnownFileType = sourcecode.swift; path = GroupCardView.swift; sourceTree = "<group>"; };
		2187402A28633DA7005B2DF5 /* ListItemView.swift */ = {isa = PBXFileReference; lastKnownFileType = sourcecode.swift; path = ListItemView.swift; sourceTree = "<group>"; };
		2187402D28634004005B2DF5 /* CheckboxView.swift */ = {isa = PBXFileReference; lastKnownFileType = sourcecode.swift; path = CheckboxView.swift; sourceTree = "<group>"; };
		21874030286356DE005B2DF5 /* SectionTitleView.swift */ = {isa = PBXFileReference; lastKnownFileType = sourcecode.swift; path = SectionTitleView.swift; sourceTree = "<group>"; };
		2187403328635962005B2DF5 /* AddGroupScreen.swift */ = {isa = PBXFileReference; lastKnownFileType = sourcecode.swift; path = AddGroupScreen.swift; sourceTree = "<group>"; };
		218740362863597E005B2DF5 /* AddTodoScreen.swift */ = {isa = PBXFileReference; lastKnownFileType = sourcecode.swift; path = AddTodoScreen.swift; sourceTree = "<group>"; };
		2187403928644745005B2DF5 /* GroupIconView.swift */ = {isa = PBXFileReference; lastKnownFileType = sourcecode.swift; path = GroupIconView.swift; sourceTree = "<group>"; };
/* End PBXFileReference section */

/* Begin PBXFrameworksBuildPhase section */
		218740002862FBAD005B2DF5 /* Frameworks */ = {
			isa = PBXFrameworksBuildPhase;
			buildActionMask = 2147483647;
			files = (
			);
			runOnlyForDeploymentPostprocessing = 0;
		};
		218740062862FBAD005B2DF5 /* Frameworks */ = {
			isa = PBXFrameworksBuildPhase;
			buildActionMask = 2147483647;
			files = (
			);
			runOnlyForDeploymentPostprocessing = 0;
		};
/* End PBXFrameworksBuildPhase section */

/* Begin PBXGroup section */
		21873FF32862FBAC005B2DF5 = {
			isa = PBXGroup;
			children = (
				21873FF82862FBAC005B2DF5 /* Shared */,
				2187400A2862FBAD005B2DF5 /* macOS */,
				218740042862FBAD005B2DF5 /* Products */,
			);
			sourceTree = "<group>";
		};
		21873FF82862FBAC005B2DF5 /* Shared */ = {
			isa = PBXGroup;
			children = (
				21873FFB2862FBAC005B2DF5 /* DINApp.swift */,
				21873FFE2862FBAD005B2DF5 /* Assets.xcassets */,
				218740202862FD6D005B2DF5 /* Views */,
				2187401F2862FD5A005B2DF5 /* Screens */,
				2187401E2862FD3B005B2DF5 /* Models */,
			);
			path = Shared;
			sourceTree = "<group>";
		};
		218740042862FBAD005B2DF5 /* Products */ = {
			isa = PBXGroup;
			children = (
				218740032862FBAD005B2DF5 /* DIN.app */,
				218740092862FBAD005B2DF5 /* DIN.app */,
			);
			name = Products;
			sourceTree = "<group>";
		};
		2187400A2862FBAD005B2DF5 /* macOS */ = {
			isa = PBXGroup;
			children = (
				2187400B2862FBAD005B2DF5 /* macOS.entitlements */,
			);
			path = macOS;
			sourceTree = "<group>";
		};
		2187401E2862FD3B005B2DF5 /* Models */ = {
			isa = PBXGroup;
			children = (
				21873FF92862FBAC005B2DF5 /* DIN.xcdatamodeld */,
				21873FFD2862FBAC005B2DF5 /* Persistence.swift */,
			);
			path = Models;
			sourceTree = "<group>";
		};
		2187401F2862FD5A005B2DF5 /* Screens */ = {
			isa = PBXGroup;
			children = (
				21873FFC2862FBAC005B2DF5 /* ContentView.swift */,
				2187402128630A31005B2DF5 /* HomeScreen.swift */,
				2187403328635962005B2DF5 /* AddGroupScreen.swift */,
				218740362863597E005B2DF5 /* AddTodoScreen.swift */,
			);
			path = Screens;
			sourceTree = "<group>";
		};
		218740202862FD6D005B2DF5 /* Views */ = {
			isa = PBXGroup;
			children = (
				21874027286311AA005B2DF5 /* GroupCardView.swift */,
				2187402A28633DA7005B2DF5 /* ListItemView.swift */,
				2187402D28634004005B2DF5 /* CheckboxView.swift */,
				21874030286356DE005B2DF5 /* SectionTitleView.swift */,
				2187403928644745005B2DF5 /* GroupIconView.swift */,
			);
			path = Views;
			sourceTree = "<group>";
		};
/* End PBXGroup section */

/* Begin PBXNativeTarget section */
		218740022862FBAD005B2DF5 /* DIN (iOS) */ = {
			isa = PBXNativeTarget;
			buildConfigurationList = 218740182862FBAD005B2DF5 /* Build configuration list for PBXNativeTarget "DIN (iOS)" */;
			buildPhases = (
				21873FFF2862FBAD005B2DF5 /* Sources */,
				218740002862FBAD005B2DF5 /* Frameworks */,
				218740012862FBAD005B2DF5 /* Resources */,
			);
			buildRules = (
			);
			dependencies = (
			);
			name = "DIN (iOS)";
			productName = "DIN (iOS)";
			productReference = 218740032862FBAD005B2DF5 /* DIN.app */;
			productType = "com.apple.product-type.application";
		};
		218740082862FBAD005B2DF5 /* DIN (macOS) */ = {
			isa = PBXNativeTarget;
			buildConfigurationList = 2187401B2862FBAD005B2DF5 /* Build configuration list for PBXNativeTarget "DIN (macOS)" */;
			buildPhases = (
				218740052862FBAD005B2DF5 /* Sources */,
				218740062862FBAD005B2DF5 /* Frameworks */,
				218740072862FBAD005B2DF5 /* Resources */,
			);
			buildRules = (
			);
			dependencies = (
			);
			name = "DIN (macOS)";
			productName = "DIN (macOS)";
			productReference = 218740092862FBAD005B2DF5 /* DIN.app */;
			productType = "com.apple.product-type.application";
		};
/* End PBXNativeTarget section */

/* Begin PBXProject section */
		21873FF42862FBAC005B2DF5 /* Project object */ = {
			isa = PBXProject;
			attributes = {
				BuildIndependentTargetsInParallel = 1;
				LastSwiftUpdateCheck = 1340;
				LastUpgradeCheck = 1340;
				TargetAttributes = {
					218740022862FBAD005B2DF5 = {
						CreatedOnToolsVersion = 13.4.1;
					};
					218740082862FBAD005B2DF5 = {
						CreatedOnToolsVersion = 13.4.1;
					};
				};
			};
			buildConfigurationList = 21873FF72862FBAC005B2DF5 /* Build configuration list for PBXProject "DIN" */;
			compatibilityVersion = "Xcode 13.0";
			developmentRegion = en;
			hasScannedForEncodings = 0;
			knownRegions = (
				en,
				Base,
			);
			mainGroup = 21873FF32862FBAC005B2DF5;
			productRefGroup = 218740042862FBAD005B2DF5 /* Products */;
			projectDirPath = "";
			projectRoot = "";
			targets = (
				218740022862FBAD005B2DF5 /* DIN (iOS) */,
				218740082862FBAD005B2DF5 /* DIN (macOS) */,
			);
		};
/* End PBXProject section */

/* Begin PBXResourcesBuildPhase section */
		218740012862FBAD005B2DF5 /* Resources */ = {
			isa = PBXResourcesBuildPhase;
			buildActionMask = 2147483647;
			files = (
				218740142862FBAD005B2DF5 /* Assets.xcassets in Resources */,
			);
			runOnlyForDeploymentPostprocessing = 0;
		};
		218740072862FBAD005B2DF5 /* Resources */ = {
			isa = PBXResourcesBuildPhase;
			buildActionMask = 2147483647;
			files = (
				218740152862FBAD005B2DF5 /* Assets.xcassets in Resources */,
			);
			runOnlyForDeploymentPostprocessing = 0;
		};
/* End PBXResourcesBuildPhase section */

/* Begin PBXSourcesBuildPhase section */
		21873FFF2862FBAD005B2DF5 /* Sources */ = {
			isa = PBXSourcesBuildPhase;
			buildActionMask = 2147483647;
			files = (
				21874028286311AA005B2DF5 /* GroupCardView.swift in Sources */,
				2187402B28633DA7005B2DF5 /* ListItemView.swift in Sources */,
				2187400C2862FBAD005B2DF5 /* DIN.xcdatamodeld in Sources */,
				2187403A28644745005B2DF5 /* GroupIconView.swift in Sources */,
				2187402228630A31005B2DF5 /* HomeScreen.swift in Sources */,
				218740122862FBAD005B2DF5 /* Persistence.swift in Sources */,
				2187403428635962005B2DF5 /* AddGroupScreen.swift in Sources */,
				21874031286356DE005B2DF5 /* SectionTitleView.swift in Sources */,
				2187400E2862FBAD005B2DF5 /* DINApp.swift in Sources */,
				218740102862FBAD005B2DF5 /* ContentView.swift in Sources */,
				218740372863597E005B2DF5 /* AddTodoScreen.swift in Sources */,
				2187402E28634004005B2DF5 /* CheckboxView.swift in Sources */,
			);
			runOnlyForDeploymentPostprocessing = 0;
		};
		218740052862FBAD005B2DF5 /* Sources */ = {
			isa = PBXSourcesBuildPhase;
			buildActionMask = 2147483647;
			files = (
				21874029286311AA005B2DF5 /* GroupCardView.swift in Sources */,
				2187402C28633DA7005B2DF5 /* ListItemView.swift in Sources */,
				2187400D2862FBAD005B2DF5 /* DIN.xcdatamodeld in Sources */,
				2187403B28644745005B2DF5 /* GroupIconView.swift in Sources */,
				2187402328630A31005B2DF5 /* HomeScreen.swift in Sources */,
				218740132862FBAD005B2DF5 /* Persistence.swift in Sources */,
				2187403528635962005B2DF5 /* AddGroupScreen.swift in Sources */,
				21874032286356DE005B2DF5 /* SectionTitleView.swift in Sources */,
				2187400F2862FBAD005B2DF5 /* DINApp.swift in Sources */,
				218740112862FBAD005B2DF5 /* ContentView.swift in Sources */,
				218740382863597E005B2DF5 /* AddTodoScreen.swift in Sources */,
				2187402F28634004005B2DF5 /* CheckboxView.swift in Sources */,
			);
			runOnlyForDeploymentPostprocessing = 0;
		};
/* End PBXSourcesBuildPhase section */

/* Begin XCBuildConfiguration section */
		218740162862FBAD005B2DF5 /* Debug */ = {
			isa = XCBuildConfiguration;
			buildSettings = {
				ALWAYS_SEARCH_USER_PATHS = NO;
				CLANG_ANALYZER_NONNULL = YES;
				CLANG_ANALYZER_NUMBER_OBJECT_CONVERSION = YES_AGGRESSIVE;
				CLANG_CXX_LANGUAGE_STANDARD = "gnu++17";
				CLANG_ENABLE_MODULES = YES;
				CLANG_ENABLE_OBJC_ARC = YES;
				CLANG_ENABLE_OBJC_WEAK = YES;
				CLANG_WARN_BLOCK_CAPTURE_AUTORELEASING = YES;
				CLANG_WARN_BOOL_CONVERSION = YES;
				CLANG_WARN_COMMA = YES;
				CLANG_WARN_CONSTANT_CONVERSION = YES;
				CLANG_WARN_DEPRECATED_OBJC_IMPLEMENTATIONS = YES;
				CLANG_WARN_DIRECT_OBJC_ISA_USAGE = YES_ERROR;
				CLANG_WARN_DOCUMENTATION_COMMENTS = YES;
				CLANG_WARN_EMPTY_BODY = YES;
				CLANG_WARN_ENUM_CONVERSION = YES;
				CLANG_WARN_INFINITE_RECURSION = YES;
				CLANG_WARN_INT_CONVERSION = YES;
				CLANG_WARN_NON_LITERAL_NULL_CONVERSION = YES;
				CLANG_WARN_OBJC_IMPLICIT_RETAIN_SELF = YES;
				CLANG_WARN_OBJC_LITERAL_CONVERSION = YES;
				CLANG_WARN_OBJC_ROOT_CLASS = YES_ERROR;
				CLANG_WARN_QUOTED_INCLUDE_IN_FRAMEWORK_HEADER = YES;
				CLANG_WARN_RANGE_LOOP_ANALYSIS = YES;
				CLANG_WARN_STRICT_PROTOTYPES = YES;
				CLANG_WARN_SUSPICIOUS_MOVE = YES;
				CLANG_WARN_UNGUARDED_AVAILABILITY = YES_AGGRESSIVE;
				CLANG_WARN_UNREACHABLE_CODE = YES;
				CLANG_WARN__DUPLICATE_METHOD_MATCH = YES;
				COPY_PHASE_STRIP = NO;
				DEBUG_INFORMATION_FORMAT = dwarf;
				ENABLE_STRICT_OBJC_MSGSEND = YES;
				ENABLE_TESTABILITY = YES;
				GCC_C_LANGUAGE_STANDARD = gnu11;
				GCC_DYNAMIC_NO_PIC = NO;
				GCC_NO_COMMON_BLOCKS = YES;
				GCC_OPTIMIZATION_LEVEL = 0;
				GCC_PREPROCESSOR_DEFINITIONS = (
					"DEBUG=1",
					"$(inherited)",
				);
				GCC_WARN_64_TO_32_BIT_CONVERSION = YES;
				GCC_WARN_ABOUT_RETURN_TYPE = YES_ERROR;
				GCC_WARN_UNDECLARED_SELECTOR = YES;
				GCC_WARN_UNINITIALIZED_AUTOS = YES_AGGRESSIVE;
				GCC_WARN_UNUSED_FUNCTION = YES;
				GCC_WARN_UNUSED_VARIABLE = YES;
				MTL_ENABLE_DEBUG_INFO = INCLUDE_SOURCE;
				MTL_FAST_MATH = YES;
				ONLY_ACTIVE_ARCH = YES;
				SWIFT_ACTIVE_COMPILATION_CONDITIONS = DEBUG;
				SWIFT_OPTIMIZATION_LEVEL = "-Onone";
			};
			name = Debug;
		};
		218740172862FBAD005B2DF5 /* Release */ = {
			isa = XCBuildConfiguration;
			buildSettings = {
				ALWAYS_SEARCH_USER_PATHS = NO;
				CLANG_ANALYZER_NONNULL = YES;
				CLANG_ANALYZER_NUMBER_OBJECT_CONVERSION = YES_AGGRESSIVE;
				CLANG_CXX_LANGUAGE_STANDARD = "gnu++17";
				CLANG_ENABLE_MODULES = YES;
				CLANG_ENABLE_OBJC_ARC = YES;
				CLANG_ENABLE_OBJC_WEAK = YES;
				CLANG_WARN_BLOCK_CAPTURE_AUTORELEASING = YES;
				CLANG_WARN_BOOL_CONVERSION = YES;
				CLANG_WARN_COMMA = YES;
				CLANG_WARN_CONSTANT_CONVERSION = YES;
				CLANG_WARN_DEPRECATED_OBJC_IMPLEMENTATIONS = YES;
				CLANG_WARN_DIRECT_OBJC_ISA_USAGE = YES_ERROR;
				CLANG_WARN_DOCUMENTATION_COMMENTS = YES;
				CLANG_WARN_EMPTY_BODY = YES;
				CLANG_WARN_ENUM_CONVERSION = YES;
				CLANG_WARN_INFINITE_RECURSION = YES;
				CLANG_WARN_INT_CONVERSION = YES;
				CLANG_WARN_NON_LITERAL_NULL_CONVERSION = YES;
				CLANG_WARN_OBJC_IMPLICIT_RETAIN_SELF = YES;
				CLANG_WARN_OBJC_LITERAL_CONVERSION = YES;
				CLANG_WARN_OBJC_ROOT_CLASS = YES_ERROR;
				CLANG_WARN_QUOTED_INCLUDE_IN_FRAMEWORK_HEADER = YES;
				CLANG_WARN_RANGE_LOOP_ANALYSIS = YES;
				CLANG_WARN_STRICT_PROTOTYPES = YES;
				CLANG_WARN_SUSPICIOUS_MOVE = YES;
				CLANG_WARN_UNGUARDED_AVAILABILITY = YES_AGGRESSIVE;
				CLANG_WARN_UNREACHABLE_CODE = YES;
				CLANG_WARN__DUPLICATE_METHOD_MATCH = YES;
				COPY_PHASE_STRIP = NO;
				DEBUG_INFORMATION_FORMAT = "dwarf-with-dsym";
				ENABLE_NS_ASSERTIONS = NO;
				ENABLE_STRICT_OBJC_MSGSEND = YES;
				GCC_C_LANGUAGE_STANDARD = gnu11;
				GCC_NO_COMMON_BLOCKS = YES;
				GCC_WARN_64_TO_32_BIT_CONVERSION = YES;
				GCC_WARN_ABOUT_RETURN_TYPE = YES_ERROR;
				GCC_WARN_UNDECLARED_SELECTOR = YES;
				GCC_WARN_UNINITIALIZED_AUTOS = YES_AGGRESSIVE;
				GCC_WARN_UNUSED_FUNCTION = YES;
				GCC_WARN_UNUSED_VARIABLE = YES;
				MTL_ENABLE_DEBUG_INFO = NO;
				MTL_FAST_MATH = YES;
				SWIFT_COMPILATION_MODE = wholemodule;
				SWIFT_OPTIMIZATION_LEVEL = "-O";
			};
			name = Release;
		};
		218740192862FBAD005B2DF5 /* Debug */ = {
			isa = XCBuildConfiguration;
			buildSettings = {
				ASSETCATALOG_COMPILER_APPICON_NAME = AppIcon;
				ASSETCATALOG_COMPILER_GLOBAL_ACCENT_COLOR_NAME = AccentColor;
				CODE_SIGN_STYLE = Automatic;
				CURRENT_PROJECT_VERSION = 1;
				DEVELOPMENT_TEAM = 6ANX7ZKG8C;
				ENABLE_PREVIEWS = YES;
				GENERATE_INFOPLIST_FILE = YES;
				INFOPLIST_KEY_UIApplicationSceneManifest_Generation = YES;
				INFOPLIST_KEY_UIApplicationSupportsIndirectInputEvents = YES;
				INFOPLIST_KEY_UILaunchScreen_Generation = YES;
				INFOPLIST_KEY_UISupportedInterfaceOrientations_iPad = "UIInterfaceOrientationPortrait UIInterfaceOrientationPortraitUpsideDown UIInterfaceOrientationLandscapeLeft UIInterfaceOrientationLandscapeRight";
				INFOPLIST_KEY_UISupportedInterfaceOrientations_iPhone = "UIInterfaceOrientationPortrait UIInterfaceOrientationLandscapeLeft UIInterfaceOrientationLandscapeRight";
				IPHONEOS_DEPLOYMENT_TARGET = 15.5;
				LD_RUNPATH_SEARCH_PATHS = (
					"$(inherited)",
					"@executable_path/Frameworks",
				);
				MARKETING_VERSION = 1.0;
				PRODUCT_BUNDLE_IDENTIFIER = com.gsanikidze.DIN;
				PRODUCT_NAME = DIN;
				SDKROOT = iphoneos;
				SWIFT_EMIT_LOC_STRINGS = YES;
				SWIFT_VERSION = 5.0;
				TARGETED_DEVICE_FAMILY = "1,2";
			};
			name = Debug;
		};
		2187401A2862FBAD005B2DF5 /* Release */ = {
			isa = XCBuildConfiguration;
			buildSettings = {
				ASSETCATALOG_COMPILER_APPICON_NAME = AppIcon;
				ASSETCATALOG_COMPILER_GLOBAL_ACCENT_COLOR_NAME = AccentColor;
				CODE_SIGN_STYLE = Automatic;
				CURRENT_PROJECT_VERSION = 1;
				DEVELOPMENT_TEAM = 6ANX7ZKG8C;
				ENABLE_PREVIEWS = YES;
				GENERATE_INFOPLIST_FILE = YES;
				INFOPLIST_KEY_UIApplicationSceneManifest_Generation = YES;
				INFOPLIST_KEY_UIApplicationSupportsIndirectInputEvents = YES;
				INFOPLIST_KEY_UILaunchScreen_Generation = YES;
				INFOPLIST_KEY_UISupportedInterfaceOrientations_iPad = "UIInterfaceOrientationPortrait UIInterfaceOrientationPortraitUpsideDown UIInterfaceOrientationLandscapeLeft UIInterfaceOrientationLandscapeRight";
				INFOPLIST_KEY_UISupportedInterfaceOrientations_iPhone = "UIInterfaceOrientationPortrait UIInterfaceOrientationLandscapeLeft UIInterfaceOrientationLandscapeRight";
				IPHONEOS_DEPLOYMENT_TARGET = 15.5;
				LD_RUNPATH_SEARCH_PATHS = (
					"$(inherited)",
					"@executable_path/Frameworks",
				);
				MARKETING_VERSION = 1.0;
				PRODUCT_BUNDLE_IDENTIFIER = com.gsanikidze.DIN;
				PRODUCT_NAME = DIN;
				SDKROOT = iphoneos;
				SWIFT_EMIT_LOC_STRINGS = YES;
				SWIFT_VERSION = 5.0;
				TARGETED_DEVICE_FAMILY = "1,2";
				VALIDATE_PRODUCT = YES;
			};
			name = Release;
		};
		2187401C2862FBAD005B2DF5 /* Debug */ = {
			isa = XCBuildConfiguration;
			buildSettings = {
				ASSETCATALOG_COMPILER_APPICON_NAME = AppIcon;
				ASSETCATALOG_COMPILER_GLOBAL_ACCENT_COLOR_NAME = AccentColor;
				CODE_SIGN_ENTITLEMENTS = macOS/macOS.entitlements;
				CODE_SIGN_STYLE = Automatic;
				COMBINE_HIDPI_IMAGES = YES;
				CURRENT_PROJECT_VERSION = 1;
				DEVELOPMENT_TEAM = 6ANX7ZKG8C;
				ENABLE_HARDENED_RUNTIME = YES;
				ENABLE_PREVIEWS = YES;
				GENERATE_INFOPLIST_FILE = YES;
				INFOPLIST_KEY_NSHumanReadableCopyright = "";
				LD_RUNPATH_SEARCH_PATHS = (
					"$(inherited)",
					"@executable_path/../Frameworks",
				);
				MACOSX_DEPLOYMENT_TARGET = 12.3;
				MARKETING_VERSION = 1.0;
				PRODUCT_BUNDLE_IDENTIFIER = com.gsanikidze.DIN;
				PRODUCT_NAME = DIN;
				SDKROOT = macosx;
				SWIFT_EMIT_LOC_STRINGS = YES;
				SWIFT_VERSION = 5.0;
			};
			name = Debug;
		};
		2187401D2862FBAD005B2DF5 /* Release */ = {
			isa = XCBuildConfiguration;
			buildSettings = {
				ASSETCATALOG_COMPILER_APPICON_NAME = AppIcon;
				ASSETCATALOG_COMPILER_GLOBAL_ACCENT_COLOR_NAME = AccentColor;
				CODE_SIGN_ENTITLEMENTS = macOS/macOS.entitlements;
				CODE_SIGN_STYLE = Automatic;
				COMBINE_HIDPI_IMAGES = YES;
				CURRENT_PROJECT_VERSION = 1;
				DEVELOPMENT_TEAM = 6ANX7ZKG8C;
				ENABLE_HARDENED_RUNTIME = YES;
				ENABLE_PREVIEWS = YES;
				GENERATE_INFOPLIST_FILE = YES;
				INFOPLIST_KEY_NSHumanReadableCopyright = "";
				LD_RUNPATH_SEARCH_PATHS = (
					"$(inherited)",
					"@executable_path/../Frameworks",
				);
				MACOSX_DEPLOYMENT_TARGET = 12.3;
				MARKETING_VERSION = 1.0;
				PRODUCT_BUNDLE_IDENTIFIER = com.gsanikidze.DIN;
				PRODUCT_NAME = DIN;
				SDKROOT = macosx;
				SWIFT_EMIT_LOC_STRINGS = YES;
				SWIFT_VERSION = 5.0;
			};
			name = Release;
		};
/* End XCBuildConfiguration section */

/* Begin XCConfigurationList section */
		21873FF72862FBAC005B2DF5 /* Build configuration list for PBXProject "DIN" */ = {
			isa = XCConfigurationList;
			buildConfigurations = (
				218740162862FBAD005B2DF5 /* Debug */,
				218740172862FBAD005B2DF5 /* Release */,
			);
			defaultConfigurationIsVisible = 0;
			defaultConfigurationName = Release;
		};
		218740182862FBAD005B2DF5 /* Build configuration list for PBXNativeTarget "DIN (iOS)" */ = {
			isa = XCConfigurationList;
			buildConfigurations = (
				218740192862FBAD005B2DF5 /* Debug */,
				2187401A2862FBAD005B2DF5 /* Release */,
			);
			defaultConfigurationIsVisible = 0;
			defaultConfigurationName = Release;
		};
		2187401B2862FBAD005B2DF5 /* Build configuration list for PBXNativeTarget "DIN (macOS)" */ = {
			isa = XCConfigurationList;
			buildConfigurations = (
				2187401C2862FBAD005B2DF5 /* Debug */,
				2187401D2862FBAD005B2DF5 /* Release */,
			);
			defaultConfigurationIsVisible = 0;
			defaultConfigurationName = Release;
		};
/* End XCConfigurationList section */

/* Begin XCVersionGroup section */
		21873FF92862FBAC005B2DF5 /* DIN.xcdatamodeld */ = {
			isa = XCVersionGroup;
			children = (
				21873FFA2862FBAC005B2DF5 /* Shared.xcdatamodel */,
			);
			currentVersion = 21873FFA2862FBAC005B2DF5 /* Shared.xcdatamodel */;
			path = DIN.xcdatamodeld;
			sourceTree = "<group>";
			versionGroupType = wrapper.xcdatamodel;
		};
/* End XCVersionGroup section */
	};
	rootObject = 21873FF42862FBAC005B2DF5 /* Project object */;
}
